
Microsoft Visual Studio Solution File, Format Version 12.00
# Visual Studio Version 17
VisualStudioVersion = 17.5.002.0
MinimumVisualStudioVersion = 10.0.40219.1
Project("{9A19103F-16F7-4668-BE54-9A1E7A4F7556}") = "WebAppDb", "WebAppDb.csproj", "{605BF95B-CECB-49E4-B3B7-7489C6FB7DDC}"
EndProject
Global
	GlobalSection(SolutionConfigurationPlatforms) = preSolution
		Debug|Any CPU = Debug|Any CPU
		Release|Any CPU = Release|Any CPU
	EndGlobalSection
	GlobalSection(ProjectConfigurationPlatforms) = postSolution
		{605BF95B-CECB-49E4-B3B7-7489C6FB7DDC}.Debug|Any CPU.ActiveCfg = Debug|Any CPU
		{605BF95B-CECB-49E4-B3B7-7489C6FB7DDC}.Debug|Any CPU.Build.0 = Debug|Any CPU
		{605BF95B-CECB-49E4-B3B7-7489C6FB7DDC}.Release|Any CPU.ActiveCfg = Release|Any CPU
		{605BF95B-CECB-49E4-B3B7-7489C6FB7DDC}.Release|Any CPU.Build.0 = Release|Any CPU
	EndGlobalSection
	GlobalSection(SolutionProperties) = preSolution
		HideSolutionNode = FALSE
	EndGlobalSection
	GlobalSection(ExtensibilityGlobals) = postSolution
		SolutionGuid = {7323178F-1BED-443A-BFA8-729569C42DC0}
	EndGlobalSection
EndGlobal
